
Microsoft Visual Studio Solution File, Format Version 12.00
# Visual Studio Version 17
VisualStudioVersion = 17.1.32228.430
MinimumVisualStudioVersion = 10.0.40219.1
Project("{8BC9CEB8-8B4A-11D0-8D11-00A0C91BC942}") = "C_programming_game", "C_programming_game\C_programming_game.vcxproj", "{CADF3A9A-CF3A-48FB-9323-54198BA046C4}"
EndProject
Project("{8BC9CEB8-8B4A-11D0-8D11-00A0C91BC942}") = "printfscanf", "printfscanf\printfscanf.vcxproj", "{B2031737-C52D-4A47-B4CB-AA05972DE214}"
EndProject
Project("{8BC9CEB8-8B4A-11D0-8D11-00A0C91BC942}") = "loop", "loop\loop.vcxproj", "{1111A999-C1C3-40AF-84F3-E37C2E9DF8C0}"
EndProject
Project("{8BC9CEB8-8B4A-11D0-8D11-00A0C91BC942}") = "condition", "condition\condition.vcxproj", "{C9B876DE-ABA8-4522-BAD1-F73CDF6A0A53}"
EndProject
Project("{8BC9CEB8-8B4A-11D0-8D11-00A0C91BC942}") = "function", "function\function.vcxproj", "{A1CC6059-DEFD-4F13-9C4D-B792981E4176}"
EndProject
Project("{8BC9CEB8-8B4A-11D0-8D11-00A0C91BC942}") = "array", "array\array.vcxproj", "{ADF1769B-7BF1-486A-8A2F-5CC7AA4B2C8E}"
EndProject
Project("{8BC9CEB8-8B4A-11D0-8D11-00A0C91BC942}") = "pointer", "pointer\pointer.vcxproj", "{B105B068-8537-4787-BEDE-C471B9ED18BE}"
EndProject
Global
	GlobalSection(SolutionConfigurationPlatforms) = preSolution
		Debug|x64 = Debug|x64
		Debug|x86 = Debug|x86
		Release|x64 = Release|x64
		Release|x86 = Release|x86
	EndGlobalSection
	GlobalSection(ProjectConfigurationPlatforms) = postSolution
		{CADF3A9A-CF3A-48FB-9323-54198BA046C4}.Debug|x64.ActiveCfg = Debug|x64
		{CADF3A9A-CF3A-48FB-9323-54198BA046C4}.Debug|x64.Build.0 = Debug|x64
		{CADF3A9A-CF3A-48FB-9323-54198BA046C4}.Debug|x86.ActiveCfg = Debug|Win32
		{CADF3A9A-CF3A-48FB-9323-54198BA046C4}.Debug|x86.Build.0 = Debug|Win32
		{CADF3A9A-CF3A-48FB-9323-54198BA046C4}.Release|x64.ActiveCfg = Release|x64
		{CADF3A9A-CF3A-48FB-9323-54198BA046C4}.Release|x64.Build.0 = Release|x64
		{CADF3A9A-CF3A-48FB-9323-54198BA046C4}.Release|x86.ActiveCfg = Release|Win32
		{CADF3A9A-CF3A-48FB-9323-54198BA046C4}.Release|x86.Build.0 = Release|Win32
		{B2031737-C52D-4A47-B4CB-AA05972DE214}.Debug|x64.ActiveCfg = Debug|x64
		{B2031737-C52D-4A47-B4CB-AA05972DE214}.Debug|x64.Build.0 = Debug|x64
		{B2031737-C52D-4A47-B4CB-AA05972DE214}.Debug|x86.ActiveCfg = Debug|Win32
		{B2031737-C52D-4A47-B4CB-AA05972DE214}.Debug|x86.Build.0 = Debug|Win32
		{B2031737-C52D-4A47-B4CB-AA05972DE214}.Release|x64.ActiveCfg = Release|x64
		{B2031737-C52D-4A47-B4CB-AA05972DE214}.Release|x64.Build.0 = Release|x64
		{B2031737-C52D-4A47-B4CB-AA05972DE214}.Release|x86.ActiveCfg = Release|Win32
		{B2031737-C52D-4A47-B4CB-AA05972DE214}.Release|x86.Build.0 = Release|Win32
		{1111A999-C1C3-40AF-84F3-E37C2E9DF8C0}.Debug|x64.ActiveCfg = Debug|x64
		{1111A999-C1C3-40AF-84F3-E37C2E9DF8C0}.Debug|x64.Build.0 = Debug|x64
		{1111A999-C1C3-40AF-84F3-E37C2E9DF8C0}.Debug|x86.ActiveCfg = Debug|Win32
		{1111A999-C1C3-40AF-84F3-E37C2E9DF8C0}.Debug|x86.Build.0 = Debug|Win32
		{1111A999-C1C3-40AF-84F3-E37C2E9DF8C0}.Release|x64.ActiveCfg = Release|x64
		{1111A999-C1C3-40AF-84F3-E37C2E9DF8C0}.Release|x64.Build.0 = Release|x64
		{1111A999-C1C3-40AF-84F3-E37C2E9DF8C0}.Release|x86.ActiveCfg = Release|Win32
		{1111A999-C1C3-40AF-84F3-E37C2E9DF8C0}.Release|x86.Build.0 = Release|Win32
		{C9B876DE-ABA8-4522-BAD1-F73CDF6A0A53}.Debug|x64.ActiveCfg = Debug|x64
		{C9B876DE-ABA8-4522-BAD1-F73CDF6A0A53}.Debug|x64.Build.0 = Debug|x64
		{C9B876DE-ABA8-4522-BAD1-F73CDF6A0A53}.Debug|x86.ActiveCfg = Debug|Win32
		{C9B876DE-ABA8-4522-BAD1-F73CDF6A0A53}.Debug|x86.Build.0 = Debug|Win32
		{C9B876DE-ABA8-4522-BAD1-F73CDF6A0A53}.Release|x64.ActiveCfg = Release|x64
		{C9B876DE-ABA8-4522-BAD1-F73CDF6A0A53}.Release|x64.Build.0 = Release|x64
		{C9B876DE-ABA8-4522-BAD1-F73CDF6A0A53}.Release|x86.ActiveCfg = Release|Win32
		{C9B876DE-ABA8-4522-BAD1-F73CDF6A0A53}.Release|x86.Build.0 = Release|Win32
		{A1CC6059-DEFD-4F13-9C4D-B792981E4176}.Debug|x64.ActiveCfg = Debug|x64
		{A1CC6059-DEFD-4F13-9C4D-B792981E4176}.Debug|x64.Build.0 = Debug|x64
		{A1CC6059-DEFD-4F13-9C4D-B792981E4176}.Debug|x86.ActiveCfg = Debug|Win32
		{A1CC6059-DEFD-4F13-9C4D-B792981E4176}.Debug|x86.Build.0 = Debug|Win32
		{A1CC6059-DEFD-4F13-9C4D-B792981E4176}.Release|x64.ActiveCfg = Release|x64
		{A1CC6059-DEFD-4F13-9C4D-B792981E4176}.Release|x64.Build.0 = Release|x64
		{A1CC6059-DEFD-4F13-9C4D-B792981E4176}.Release|x86.ActiveCfg = Release|Win32
		{A1CC6059-DEFD-4F13-9C4D-B792981E4176}.Release|x86.Build.0 = Release|Win32
		{ADF1769B-7BF1-486A-8A2F-5CC7AA4B2C8E}.Debug|x64.ActiveCfg = Debug|x64
		{ADF1769B-7BF1-486A-8A2F-5CC7AA4B2C8E}.Debug|x64.Build.0 = Debug|x64
		{ADF1769B-7BF1-486A-8A2F-5CC7AA4B2C8E}.Debug|x86.ActiveCfg = Debug|Win32
		{ADF1769B-7BF1-486A-8A2F-5CC7AA4B2C8E}.Debug|x86.Build.0 = Debug|Win32
		{ADF1769B-7BF1-486A-8A2F-5CC7AA4B2C8E}.Release|x64.ActiveCfg = Release|x64
		{ADF1769B-7BF1-486A-8A2F-5CC7AA4B2C8E}.Release|x64.Build.0 = Release|x64
		{ADF1769B-7BF1-486A-8A2F-5CC7AA4B2C8E}.Release|x86.ActiveCfg = Release|Win32
		{ADF1769B-7BF1-486A-8A2F-5CC7AA4B2C8E}.Release|x86.Build.0 = Release|Win32
		{B105B068-8537-4787-BEDE-C471B9ED18BE}.Debug|x64.ActiveCfg = Debug|x64
		{B105B068-8537-4787-BEDE-C471B9ED18BE}.Debug|x64.Build.0 = Debug|x64
		{B105B068-8537-4787-BEDE-C471B9ED18BE}.Debug|x86.ActiveCfg = Debug|Win32
		{B105B068-8537-4787-BEDE-C471B9ED18BE}.Debug|x86.Build.0 = Debug|Win32
		{B105B068-8537-4787-BEDE-C471B9ED18BE}.Release|x64.ActiveCfg = Release|x64
		{B105B068-8537-4787-BEDE-C471B9ED18BE}.Release|x64.Build.0 = Release|x64
		{B105B068-8537-4787-BEDE-C471B9ED18BE}.Release|x86.ActiveCfg = Release|Win32
		{B105B068-8537-4787-BEDE-C471B9ED18BE}.Release|x86.Build.0 = Release|Win32
	EndGlobalSection
	GlobalSection(SolutionProperties) = preSolution
		HideSolutionNode = FALSE
	EndGlobalSection
	GlobalSection(ExtensibilityGlobals) = postSolution
		SolutionGuid = {E7D4B007-D388-4EC7-9055-E87446E49BCC}
	EndGlobalSection
EndGlobal
